
Microsoft Visual Studio Solution File, Format Version 12.00
# Visual Studio Version 17
VisualStudioVersion = 17.5.33627.172
MinimumVisualStudioVersion = 10.0.40219.1
Project("{FAE04EC0-301F-11D3-BF4B-00C04F79EFBC}") = "P01.Train", "P01.Train\P01.Train.csproj", "{B49FC508-05D5-41B8-A9A1-67E7AD71EED0}"
EndProject
Project("{FAE04EC0-301F-11D3-BF4B-00C04F79EFBC}") = "P02.ChangeList", "P02.ChangeList\P02.ChangeList.csproj", "{85854701-2151-4D61-8DE5-0A4CABD44C8E}"
EndProject
Project("{FAE04EC0-301F-11D3-BF4B-00C04F79EFBC}") = "P03.HouseParty", "P03.HouseParty\P03.HouseParty.csproj", "{E21E5099-C235-4D86-A80F-8F342931D609}"
EndProject
Project("{FAE04EC0-301F-11D3-BF4B-00C04F79EFBC}") = "P04.ListOperations", "P04.ListOperations\P04.ListOperations.csproj", "{C36397F1-D71A-44AA-B614-801256BFBF56}"
EndProject
Project("{FAE04EC0-301F-11D3-BF4B-00C04F79EFBC}") = "P05.BombNumbers", "P05.BombNumbers\P05.BombNumbers.csproj", "{723874DC-80EE-4901-8096-17206CF63172}"
EndProject
Global
	GlobalSection(SolutionConfigurationPlatforms) = preSolution
		Debug|Any CPU = Debug|Any CPU
		Release|Any CPU = Release|Any CPU
	EndGlobalSection
	GlobalSection(ProjectConfigurationPlatforms) = postSolution
		{B49FC508-05D5-41B8-A9A1-67E7AD71EED0}.Debug|Any CPU.ActiveCfg = Debug|Any CPU
		{B49FC508-05D5-41B8-A9A1-67E7AD71EED0}.Debug|Any CPU.Build.0 = Debug|Any CPU
		{B49FC508-05D5-41B8-A9A1-67E7AD71EED0}.Release|Any CPU.ActiveCfg = Release|Any CPU
		{B49FC508-05D5-41B8-A9A1-67E7AD71EED0}.Release|Any CPU.Build.0 = Release|Any CPU
		{85854701-2151-4D61-8DE5-0A4CABD44C8E}.Debug|Any CPU.ActiveCfg = Debug|Any CPU
		{85854701-2151-4D61-8DE5-0A4CABD44C8E}.Debug|Any CPU.Build.0 = Debug|Any CPU
		{85854701-2151-4D61-8DE5-0A4CABD44C8E}.Release|Any CPU.ActiveCfg = Release|Any CPU
		{85854701-2151-4D61-8DE5-0A4CABD44C8E}.Release|Any CPU.Build.0 = Release|Any CPU
		{E21E5099-C235-4D86-A80F-8F342931D609}.Debug|Any CPU.ActiveCfg = Debug|Any CPU
		{E21E5099-C235-4D86-A80F-8F342931D609}.Debug|Any CPU.Build.0 = Debug|Any CPU
		{E21E5099-C235-4D86-A80F-8F342931D609}.Release|Any CPU.ActiveCfg = Release|Any CPU
		{E21E5099-C235-4D86-A80F-8F342931D609}.Release|Any CPU.Build.0 = Release|Any CPU
		{C36397F1-D71A-44AA-B614-801256BFBF56}.Debug|Any CPU.ActiveCfg = Debug|Any CPU
		{C36397F1-D71A-44AA-B614-801256BFBF56}.Debug|Any CPU.Build.0 = Debug|Any CPU
		{C36397F1-D71A-44AA-B614-801256BFBF56}.Release|Any CPU.ActiveCfg = Release|Any CPU
		{C36397F1-D71A-44AA-B614-801256BFBF56}.Release|Any CPU.Build.0 = Release|Any CPU
		{723874DC-80EE-4901-8096-17206CF63172}.Debug|Any CPU.ActiveCfg = Debug|Any CPU
		{723874DC-80EE-4901-8096-17206CF63172}.Debug|Any CPU.Build.0 = Debug|Any CPU
		{723874DC-80EE-4901-8096-17206CF63172}.Release|Any CPU.ActiveCfg = Release|Any CPU
		{723874DC-80EE-4901-8096-17206CF63172}.Release|Any CPU.Build.0 = Release|Any CPU
	EndGlobalSection
	GlobalSection(SolutionProperties) = preSolution
		HideSolutionNode = FALSE
	EndGlobalSection
	GlobalSection(ExtensibilityGlobals) = postSolution
		SolutionGuid = {33BB2615-03FC-411F-8779-EA1B3A8F9AB8}
	EndGlobalSection
EndGlobal
